
Microsoft Visual Studio Solution File, Format Version 12.00
# Visual Studio Version 16
VisualStudioVersion = 16.0.31112.23
MinimumVisualStudioVersion = 10.0.40219.1
Project("{8BC9CEB8-8B4A-11D0-8D11-00A0C91BC942}") = "SOFA", "SOFA\SOFA.vcxproj", "{D9D8869D-D640-42CB-8BC1-61B4A5EE6804}"
EndProject
Global
	GlobalSection(SolutionConfigurationPlatforms) = preSolution
		Debug|x64 = Debug|x64
		Debug|x86 = Debug|x86
		Release|x64 = Release|x64
		Release|x86 = Release|x86
	EndGlobalSection
	GlobalSection(ProjectConfigurationPlatforms) = postSolution
		{D9D8869D-D640-42CB-8BC1-61B4A5EE6804}.Debug|x64.ActiveCfg = Debug|x64
		{D9D8869D-D640-42CB-8BC1-61B4A5EE6804}.Debug|x64.Build.0 = Debug|x64
		{D9D8869D-D640-42CB-8BC1-61B4A5EE6804}.Debug|x86.ActiveCfg = Debug|Win32
		{D9D8869D-D640-42CB-8BC1-61B4A5EE6804}.Debug|x86.Build.0 = Debug|Win32
		{D9D8869D-D640-42CB-8BC1-61B4A5EE6804}.Release|x64.ActiveCfg = Release|x64
		{D9D8869D-D640-42CB-8BC1-61B4A5EE6804}.Release|x64.Build.0 = Release|x64
		{D9D8869D-D640-42CB-8BC1-61B4A5EE6804}.Release|x86.ActiveCfg = Release|Win32
		{D9D8869D-D640-42CB-8BC1-61B4A5EE6804}.Release|x86.Build.0 = Release|Win32
	EndGlobalSection
	GlobalSection(SolutionProperties) = preSolution
		HideSolutionNode = FALSE
	EndGlobalSection
	GlobalSection(ExtensibilityGlobals) = postSolution
		SolutionGuid = {300181BF-430E-4A87-9AA4-AA86CA55389B}
	EndGlobalSection
EndGlobal
